
Microsoft Visual Studio Solution File, Format Version 12.00
# Visual Studio Version 17
VisualStudioVersion = 17.1.32319.34
MinimumVisualStudioVersion = 10.0.40219.1
Project("{FAE04EC0-301F-11D3-BF4B-00C04F79EFBC}") = "CM_UI", "CM_UI\CM_UI.csproj", "{D3FA7B4B-9C3A-4452-BD45-6AC3CC21F7D5}"
EndProject
Global
	GlobalSection(SolutionConfigurationPlatforms) = preSolution
		Debug|Any CPU = Debug|Any CPU
		Release|Any CPU = Release|Any CPU
	EndGlobalSection
	GlobalSection(ProjectConfigurationPlatforms) = postSolution
		{D3FA7B4B-9C3A-4452-BD45-6AC3CC21F7D5}.Debug|Any CPU.ActiveCfg = Debug|Any CPU
		{D3FA7B4B-9C3A-4452-BD45-6AC3CC21F7D5}.Debug|Any CPU.Build.0 = Debug|Any CPU
		{D3FA7B4B-9C3A-4452-BD45-6AC3CC21F7D5}.Release|Any CPU.ActiveCfg = Release|Any CPU
		{D3FA7B4B-9C3A-4452-BD45-6AC3CC21F7D5}.Release|Any CPU.Build.0 = Release|Any CPU
	EndGlobalSection
	GlobalSection(SolutionProperties) = preSolution
		HideSolutionNode = FALSE
	EndGlobalSection
	GlobalSection(ExtensibilityGlobals) = postSolution
		SolutionGuid = {F794C291-484A-40DC-B157-CEE132558223}
	EndGlobalSection
EndGlobal
